// !$*UTF8*$!
{
	archiveVersion = 1;
	classes = {
	};
	objectVersion = 51;
	objects = {

/* Begin PBXBuildFile section */
		091635F1D50C52C6268D60B4 /* Pods_MovieTests.framework in Frameworks */ = {isa = PBXBuildFile; fileRef = FD9314EFC68F85F3AB547C7C /* Pods_MovieTests.framework */; };
		0D85819E931716EB3A61C219 /* Pods_Movie.framework in Frameworks */ = {isa = PBXBuildFile; fileRef = F5F3588995C869EF85C8FFB3 /* Pods_Movie.framework */; };
		1F1C61BE253F2CAB0085DFD7 /* HomeViewController.swift in Sources */ = {isa = PBXBuildFile; fileRef = 1F1C61BC253F2CAB0085DFD7 /* HomeViewController.swift */; };
		1F1C61BF253F2CAB0085DFD7 /* HomeViewController.xib in Resources */ = {isa = PBXBuildFile; fileRef = 1F1C61BD253F2CAB0085DFD7 /* HomeViewController.xib */; };
		1F1C61C9253F313B0085DFD7 /* UIImageView+Utility.swift in Sources */ = {isa = PBXBuildFile; fileRef = 1F1C61C8253F313B0085DFD7 /* UIImageView+Utility.swift */; };
		1F1C61CD253F32E10085DFD7 /* PrimitiveSequence+Type.swift in Sources */ = {isa = PBXBuildFile; fileRef = 1F1C61CC253F32E10085DFD7 /* PrimitiveSequence+Type.swift */; };
		1F1C61D3253F332C0085DFD7 /* String+Key.swift in Sources */ = {isa = PBXBuildFile; fileRef = 1F1C61D2253F332C0085DFD7 /* String+Key.swift */; };
		1F1C61D7253F33860085DFD7 /* URL+Path.swift in Sources */ = {isa = PBXBuildFile; fileRef = 1F1C61D6253F33860085DFD7 /* URL+Path.swift */; };
		1F1C61E1253F34EE0085DFD7 /* Network.swift in Sources */ = {isa = PBXBuildFile; fileRef = 1F1C61E0253F34EE0085DFD7 /* Network.swift */; };
		1F1C61ED253F39500085DFD7 /* Injector.swift in Sources */ = {isa = PBXBuildFile; fileRef = 1F1C61EC253F39500085DFD7 /* Injector.swift */; };
		1F1C61F2253F3A950085DFD7 /* HomeConfigurator.swift in Sources */ = {isa = PBXBuildFile; fileRef = 1F1C61F1253F3A950085DFD7 /* HomeConfigurator.swift */; };
		1F1C61FD253F3FE60085DFD7 /* NowPlayingViewCell.swift in Sources */ = {isa = PBXBuildFile; fileRef = 1F1C61FB253F3FE60085DFD7 /* NowPlayingViewCell.swift */; };
		1F1C61FE253F3FE60085DFD7 /* NowPlayingViewCell.xib in Resources */ = {isa = PBXBuildFile; fileRef = 1F1C61FC253F3FE60085DFD7 /* NowPlayingViewCell.xib */; };
		1F1C6205253F407F0085DFD7 /* NowPlayingViewController.swift in Sources */ = {isa = PBXBuildFile; fileRef = 1F1C6203253F407F0085DFD7 /* NowPlayingViewController.swift */; };
		1F1C6206253F407F0085DFD7 /* NowPlayingViewController.xib in Resources */ = {isa = PBXBuildFile; fileRef = 1F1C6204253F407F0085DFD7 /* NowPlayingViewController.xib */; };
		1F1C620B253F40D50085DFD7 /* NowPlaying.swift in Sources */ = {isa = PBXBuildFile; fileRef = 1F1C620A253F40D50085DFD7 /* NowPlaying.swift */; };
		1F1C6210253F42330085DFD7 /* NowPlayingInteractor.swift in Sources */ = {isa = PBXBuildFile; fileRef = 1F1C620F253F42330085DFD7 /* NowPlayingInteractor.swift */; };
		1F1C6217253F43150085DFD7 /* NowPlayingWorker.swift in Sources */ = {isa = PBXBuildFile; fileRef = 1F1C6216253F43150085DFD7 /* NowPlayingWorker.swift */; };
		1F1C622D253F45780085DFD7 /* NowPlayingPresenter.swift in Sources */ = {isa = PBXBuildFile; fileRef = 1F1C622C253F45780085DFD7 /* NowPlayingPresenter.swift */; };
		1F1C6233253FDA780085DFD7 /* UIViewController+Utility.swift in Sources */ = {isa = PBXBuildFile; fileRef = 1F1C6232253FDA780085DFD7 /* UIViewController+Utility.swift */; };
		1F1C6237253FDB440085DFD7 /* NowPlayingConfigurator.swift in Sources */ = {isa = PBXBuildFile; fileRef = 1F1C6236253FDB440085DFD7 /* NowPlayingConfigurator.swift */; };
		1F1C6241253FDC7C0085DFD7 /* ComingSoonViewController.swift in Sources */ = {isa = PBXBuildFile; fileRef = 1F1C623F253FDC7C0085DFD7 /* ComingSoonViewController.swift */; };
		1F1C6242253FDC7C0085DFD7 /* ComingSoonViewController.xib in Resources */ = {isa = PBXBuildFile; fileRef = 1F1C6240253FDC7C0085DFD7 /* ComingSoonViewController.xib */; };
		1F1C6248253FDD2E0085DFD7 /* ComingSoonConfigurator.swift in Sources */ = {isa = PBXBuildFile; fileRef = 1F1C6247253FDD2E0085DFD7 /* ComingSoonConfigurator.swift */; };
		1F917A47253EE312007FF7E4 /* AppDelegate.swift in Sources */ = {isa = PBXBuildFile; fileRef = 1F917A46253EE312007FF7E4 /* AppDelegate.swift */; };
		1F917A49253EE312007FF7E4 /* SceneDelegate.swift in Sources */ = {isa = PBXBuildFile; fileRef = 1F917A48253EE312007FF7E4 /* SceneDelegate.swift */; };
		1F917A50253EE313007FF7E4 /* Assets.xcassets in Resources */ = {isa = PBXBuildFile; fileRef = 1F917A4F253EE313007FF7E4 /* Assets.xcassets */; };
/* End PBXBuildFile section */

/* Begin PBXContainerItemProxy section */
		1F917A5A253EE313007FF7E4 /* PBXContainerItemProxy */ = {
			isa = PBXContainerItemProxy;
			containerPortal = 1F917A3B253EE312007FF7E4 /* Project object */;
			proxyType = 1;
			remoteGlobalIDString = 1F917A42253EE312007FF7E4;
			remoteInfo = Movie;
		};
/* End PBXContainerItemProxy section */

/* Begin PBXFileReference section */
		0D2A9379E7CA0C4B06336B28 /* Pods-MovieTests.release.xcconfig */ = {isa = PBXFileReference; includeInIndex = 1; lastKnownFileType = text.xcconfig; name = "Pods-MovieTests.release.xcconfig"; path = "Target Support Files/Pods-MovieTests/Pods-MovieTests.release.xcconfig"; sourceTree = "<group>"; };
		1F1C61BC253F2CAB0085DFD7 /* HomeViewController.swift */ = {isa = PBXFileReference; lastKnownFileType = sourcecode.swift; path = HomeViewController.swift; sourceTree = "<group>"; };
		1F1C61BD253F2CAB0085DFD7 /* HomeViewController.xib */ = {isa = PBXFileReference; lastKnownFileType = file.xib; path = HomeViewController.xib; sourceTree = "<group>"; };
		1F1C61C8253F313B0085DFD7 /* UIImageView+Utility.swift */ = {isa = PBXFileReference; lastKnownFileType = sourcecode.swift; path = "UIImageView+Utility.swift"; sourceTree = "<group>"; };
		1F1C61CC253F32E10085DFD7 /* PrimitiveSequence+Type.swift */ = {isa = PBXFileReference; lastKnownFileType = sourcecode.swift; path = "PrimitiveSequence+Type.swift"; sourceTree = "<group>"; };
		1F1C61D2253F332C0085DFD7 /* String+Key.swift */ = {isa = PBXFileReference; lastKnownFileType = sourcecode.swift; path = "String+Key.swift"; sourceTree = "<group>"; };
		1F1C61D6253F33860085DFD7 /* URL+Path.swift */ = {isa = PBXFileReference; lastKnownFileType = sourcecode.swift; path = "URL+Path.swift"; sourceTree = "<group>"; };
		1F1C61E0253F34EE0085DFD7 /* Network.swift */ = {isa = PBXFileReference; lastKnownFileType = sourcecode.swift; path = Network.swift; sourceTree = "<group>"; };
		1F1C61EC253F39500085DFD7 /* Injector.swift */ = {isa = PBXFileReference; lastKnownFileType = sourcecode.swift; path = Injector.swift; sourceTree = "<group>"; };
		1F1C61F1253F3A950085DFD7 /* HomeConfigurator.swift */ = {isa = PBXFileReference; lastKnownFileType = sourcecode.swift; path = HomeConfigurator.swift; sourceTree = "<group>"; };
		1F1C61FB253F3FE60085DFD7 /* NowPlayingViewCell.swift */ = {isa = PBXFileReference; lastKnownFileType = sourcecode.swift; path = NowPlayingViewCell.swift; sourceTree = "<group>"; };
		1F1C61FC253F3FE60085DFD7 /* NowPlayingViewCell.xib */ = {isa = PBXFileReference; lastKnownFileType = file.xib; path = NowPlayingViewCell.xib; sourceTree = "<group>"; };
		1F1C6203253F407F0085DFD7 /* NowPlayingViewController.swift */ = {isa = PBXFileReference; lastKnownFileType = sourcecode.swift; path = NowPlayingViewController.swift; sourceTree = "<group>"; };
		1F1C6204253F407F0085DFD7 /* NowPlayingViewController.xib */ = {isa = PBXFileReference; lastKnownFileType = file.xib; path = NowPlayingViewController.xib; sourceTree = "<group>"; };
		1F1C620A253F40D50085DFD7 /* NowPlaying.swift */ = {isa = PBXFileReference; lastKnownFileType = sourcecode.swift; path = NowPlaying.swift; sourceTree = "<group>"; };
		1F1C620F253F42330085DFD7 /* NowPlayingInteractor.swift */ = {isa = PBXFileReference; lastKnownFileType = sourcecode.swift; path = NowPlayingInteractor.swift; sourceTree = "<group>"; };
		1F1C6216253F43150085DFD7 /* NowPlayingWorker.swift */ = {isa = PBXFileReference; lastKnownFileType = sourcecode.swift; path = NowPlayingWorker.swift; sourceTree = "<group>"; };
		1F1C622C253F45780085DFD7 /* NowPlayingPresenter.swift */ = {isa = PBXFileReference; lastKnownFileType = sourcecode.swift; path = NowPlayingPresenter.swift; sourceTree = "<group>"; };
		1F1C6232253FDA780085DFD7 /* UIViewController+Utility.swift */ = {isa = PBXFileReference; lastKnownFileType = sourcecode.swift; path = "UIViewController+Utility.swift"; sourceTree = "<group>"; };
		1F1C6236253FDB440085DFD7 /* NowPlayingConfigurator.swift */ = {isa = PBXFileReference; lastKnownFileType = sourcecode.swift; path = NowPlayingConfigurator.swift; sourceTree = "<group>"; };
		1F1C623F253FDC7C0085DFD7 /* ComingSoonViewController.swift */ = {isa = PBXFileReference; lastKnownFileType = sourcecode.swift; path = ComingSoonViewController.swift; sourceTree = "<group>"; };
		1F1C6240253FDC7C0085DFD7 /* ComingSoonViewController.xib */ = {isa = PBXFileReference; lastKnownFileType = file.xib; path = ComingSoonViewController.xib; sourceTree = "<group>"; };
		1F1C6247253FDD2E0085DFD7 /* ComingSoonConfigurator.swift */ = {isa = PBXFileReference; lastKnownFileType = sourcecode.swift; path = ComingSoonConfigurator.swift; sourceTree = "<group>"; };
		1F917A43253EE312007FF7E4 /* Movie.app */ = {isa = PBXFileReference; explicitFileType = wrapper.application; includeInIndex = 0; path = Movie.app; sourceTree = BUILT_PRODUCTS_DIR; };
		1F917A46253EE312007FF7E4 /* AppDelegate.swift */ = {isa = PBXFileReference; lastKnownFileType = sourcecode.swift; path = AppDelegate.swift; sourceTree = "<group>"; };
		1F917A48253EE312007FF7E4 /* SceneDelegate.swift */ = {isa = PBXFileReference; lastKnownFileType = sourcecode.swift; path = SceneDelegate.swift; sourceTree = "<group>"; };
		1F917A4F253EE313007FF7E4 /* Assets.xcassets */ = {isa = PBXFileReference; lastKnownFileType = folder.assetcatalog; path = Assets.xcassets; sourceTree = "<group>"; };
		1F917A54253EE313007FF7E4 /* Info.plist */ = {isa = PBXFileReference; lastKnownFileType = text.plist.xml; path = Info.plist; sourceTree = "<group>"; };
		1F917A59253EE313007FF7E4 /* MovieTests.xctest */ = {isa = PBXFileReference; explicitFileType = wrapper.cfbundle; includeInIndex = 0; path = MovieTests.xctest; sourceTree = BUILT_PRODUCTS_DIR; };
		1F917A5F253EE313007FF7E4 /* Info.plist */ = {isa = PBXFileReference; lastKnownFileType = text.plist.xml; path = Info.plist; sourceTree = "<group>"; };
		2B344B2C977F5AA5A9F5A8C9 /* Pods-MovieTests.debug.xcconfig */ = {isa = PBXFileReference; includeInIndex = 1; lastKnownFileType = text.xcconfig; name = "Pods-MovieTests.debug.xcconfig"; path = "Target Support Files/Pods-MovieTests/Pods-MovieTests.debug.xcconfig"; sourceTree = "<group>"; };
		632D8E02499B040F222AC10C /* Pods-Movie.debug.xcconfig */ = {isa = PBXFileReference; includeInIndex = 1; lastKnownFileType = text.xcconfig; name = "Pods-Movie.debug.xcconfig"; path = "Target Support Files/Pods-Movie/Pods-Movie.debug.xcconfig"; sourceTree = "<group>"; };
		BDE17F1DF7DDB25F6A3AF88E /* Pods-Movie.release.xcconfig */ = {isa = PBXFileReference; includeInIndex = 1; lastKnownFileType = text.xcconfig; name = "Pods-Movie.release.xcconfig"; path = "Target Support Files/Pods-Movie/Pods-Movie.release.xcconfig"; sourceTree = "<group>"; };
		F5F3588995C869EF85C8FFB3 /* Pods_Movie.framework */ = {isa = PBXFileReference; explicitFileType = wrapper.framework; includeInIndex = 0; path = Pods_Movie.framework; sourceTree = BUILT_PRODUCTS_DIR; };
		FD9314EFC68F85F3AB547C7C /* Pods_MovieTests.framework */ = {isa = PBXFileReference; explicitFileType = wrapper.framework; includeInIndex = 0; path = Pods_MovieTests.framework; sourceTree = BUILT_PRODUCTS_DIR; };
/* End PBXFileReference section */

/* Begin PBXFrameworksBuildPhase section */
		1F917A40253EE312007FF7E4 /* Frameworks */ = {
			isa = PBXFrameworksBuildPhase;
			buildActionMask = 2147483647;
			files = (
				0D85819E931716EB3A61C219 /* Pods_Movie.framework in Frameworks */,
			);
			runOnlyForDeploymentPostprocessing = 0;
		};
		1F917A56253EE313007FF7E4 /* Frameworks */ = {
			isa = PBXFrameworksBuildPhase;
			buildActionMask = 2147483647;
			files = (
				091635F1D50C52C6268D60B4 /* Pods_MovieTests.framework in Frameworks */,
			);
			runOnlyForDeploymentPostprocessing = 0;
		};
/* End PBXFrameworksBuildPhase section */

/* Begin PBXGroup section */
		1F1C61B9253F2C6B0085DFD7 /* Feature */ = {
			isa = PBXGroup;
			children = (
				1F1C623C253FDC450085DFD7 /* ComingSoon */,
				1F1C61BA253F2C790085DFD7 /* Home */,
				1F1C61F7253F3E330085DFD7 /* NowPlaying */,
			);
			path = Feature;
			sourceTree = "<group>";
		};
		1F1C61BA253F2C790085DFD7 /* Home */ = {
			isa = PBXGroup;
			children = (
				1F1C61F0253F3A760085DFD7 /* Configurator */,
				1F1C61BB253F2C900085DFD7 /* ViewController */,
			);
			path = Home;
			sourceTree = "<group>";
		};
		1F1C61BB253F2C900085DFD7 /* ViewController */ = {
			isa = PBXGroup;
			children = (
				1F1C61BC253F2CAB0085DFD7 /* HomeViewController.swift */,
				1F1C61BD253F2CAB0085DFD7 /* HomeViewController.xib */,
			);
			path = ViewController;
			sourceTree = "<group>";
		};
		1F1C61C6253F300A0085DFD7 /* Extensions */ = {
			isa = PBXGroup;
			children = (
				1F1C61CC253F32E10085DFD7 /* PrimitiveSequence+Type.swift */,
				1F1C61D2253F332C0085DFD7 /* String+Key.swift */,
				1F1C61C8253F313B0085DFD7 /* UIImageView+Utility.swift */,
				1F1C6232253FDA780085DFD7 /* UIViewController+Utility.swift */,
				1F1C61D6253F33860085DFD7 /* URL+Path.swift */,
			);
			path = Extensions;
			sourceTree = "<group>";
		};
		1F1C61C7253F30310085DFD7 /* Shared */ = {
			isa = PBXGroup;
			children = (
				1F1C61EC253F39500085DFD7 /* Injector.swift */,
				1F1C61E0253F34EE0085DFD7 /* Network.swift */,
			);
			path = Shared;
			sourceTree = "<group>";
		};
		1F1C61F0253F3A760085DFD7 /* Configurator */ = {
			isa = PBXGroup;
			children = (
				1F1C61F1253F3A950085DFD7 /* HomeConfigurator.swift */,
			);
			path = Configurator;
			sourceTree = "<group>";
		};
		1F1C61F7253F3E330085DFD7 /* NowPlaying */ = {
			isa = PBXGroup;
			children = (
				1F1C61F8253F3E440085DFD7 /* Configurator */,
				1F1C620E253F42030085DFD7 /* Interactor */,
				1F1C6209253F40BF0085DFD7 /* Model */,
				1F1C622B253F45650085DFD7 /* Presenter */,
				1F1C61F9253F3E4B0085DFD7 /* ViewController */,
				1F1C6215253F43000085DFD7 /* Worker */,
			);
			path = NowPlaying;
			sourceTree = "<group>";
		};
		1F1C61F8253F3E440085DFD7 /* Configurator */ = {
			isa = PBXGroup;
			children = (
				1F1C6236253FDB440085DFD7 /* NowPlayingConfigurator.swift */,
			);
			path = Configurator;
			sourceTree = "<group>";
		};
		1F1C61F9253F3E4B0085DFD7 /* ViewController */ = {
			isa = PBXGroup;
			children = (
				1F1C61FA253F3FA70085DFD7 /* ViewCell */,
				1F1C6203253F407F0085DFD7 /* NowPlayingViewController.swift */,
				1F1C6204253F407F0085DFD7 /* NowPlayingViewController.xib */,
			);
			path = ViewController;
			sourceTree = "<group>";
		};
		1F1C61FA253F3FA70085DFD7 /* ViewCell */ = {
			isa = PBXGroup;
			children = (
				1F1C61FB253F3FE60085DFD7 /* NowPlayingViewCell.swift */,
				1F1C61FC253F3FE60085DFD7 /* NowPlayingViewCell.xib */,
			);
			path = ViewCell;
			sourceTree = "<group>";
		};
		1F1C6209253F40BF0085DFD7 /* Model */ = {
			isa = PBXGroup;
			children = (
				1F1C620A253F40D50085DFD7 /* NowPlaying.swift */,
			);
			path = Model;
			sourceTree = "<group>";
		};
		1F1C620E253F42030085DFD7 /* Interactor */ = {
			isa = PBXGroup;
			children = (
				1F1C620F253F42330085DFD7 /* NowPlayingInteractor.swift */,
			);
			path = Interactor;
			sourceTree = "<group>";
		};
		1F1C6215253F43000085DFD7 /* Worker */ = {
			isa = PBXGroup;
			children = (
				1F1C6216253F43150085DFD7 /* NowPlayingWorker.swift */,
			);
			path = Worker;
			sourceTree = "<group>";
		};
		1F1C622B253F45650085DFD7 /* Presenter */ = {
			isa = PBXGroup;
			children = (
				1F1C622C253F45780085DFD7 /* NowPlayingPresenter.swift */,
			);
			path = Presenter;
			sourceTree = "<group>";
		};
		1F1C623C253FDC450085DFD7 /* ComingSoon */ = {
			isa = PBXGroup;
			children = (
				1F1C623D253FDC5B0085DFD7 /* Configurator */,
				1F1C623E253FDC630085DFD7 /* ViewController */,
			);
			path = ComingSoon;
			sourceTree = "<group>";
		};
		1F1C623D253FDC5B0085DFD7 /* Configurator */ = {
			isa = PBXGroup;
			children = (
				1F1C6247253FDD2E0085DFD7 /* ComingSoonConfigurator.swift */,
			);
			path = Configurator;
			sourceTree = "<group>";
		};
		1F1C623E253FDC630085DFD7 /* ViewController */ = {
			isa = PBXGroup;
			children = (
				1F1C623F253FDC7C0085DFD7 /* ComingSoonViewController.swift */,
				1F1C6240253FDC7C0085DFD7 /* ComingSoonViewController.xib */,
			);
			path = ViewController;
			sourceTree = "<group>";
		};
		1F917A3A253EE312007FF7E4 = {
			isa = PBXGroup;
			children = (
				1F917A45253EE312007FF7E4 /* Movie */,
				1F917A5C253EE313007FF7E4 /* MovieTests */,
				1F917A44253EE312007FF7E4 /* Products */,
				81510FB890451C962B1F9D43 /* Pods */,
				B8F48345B44967ED46CE0229 /* Frameworks */,
			);
			sourceTree = "<group>";
		};
		1F917A44253EE312007FF7E4 /* Products */ = {
			isa = PBXGroup;
			children = (
				1F917A43253EE312007FF7E4 /* Movie.app */,
				1F917A59253EE313007FF7E4 /* MovieTests.xctest */,
			);
			name = Products;
			sourceTree = "<group>";
		};
		1F917A45253EE312007FF7E4 /* Movie */ = {
			isa = PBXGroup;
			children = (
				1FF42CB1253F292F00F7DB40 /* Classes */,
				1F917A4F253EE313007FF7E4 /* Assets.xcassets */,
				1F917A54253EE313007FF7E4 /* Info.plist */,
			);
			path = Movie;
			sourceTree = "<group>";
		};
		1F917A5C253EE313007FF7E4 /* MovieTests */ = {
			isa = PBXGroup;
			children = (
				1F917A5F253EE313007FF7E4 /* Info.plist */,
			);
			path = MovieTests;
			sourceTree = "<group>";
		};
		1FF42CB1253F292F00F7DB40 /* Classes */ = {
			isa = PBXGroup;
			children = (
				1FF42CB2253F294C00F7DB40 /* Core */,
				1F1C61C6253F300A0085DFD7 /* Extensions */,
				1F1C61B9253F2C6B0085DFD7 /* Feature */,
				1F1C61C7253F30310085DFD7 /* Shared */,
			);
			path = Classes;
			sourceTree = "<group>";
		};
		1FF42CB2253F294C00F7DB40 /* Core */ = {
			isa = PBXGroup;
			children = (
				1F917A46253EE312007FF7E4 /* AppDelegate.swift */,
				1F917A48253EE312007FF7E4 /* SceneDelegate.swift */,
			);
			path = Core;
			sourceTree = "<group>";
		};
		81510FB890451C962B1F9D43 /* Pods */ = {
			isa = PBXGroup;
			children = (
				632D8E02499B040F222AC10C /* Pods-Movie.debug.xcconfig */,
				BDE17F1DF7DDB25F6A3AF88E /* Pods-Movie.release.xcconfig */,
				2B344B2C977F5AA5A9F5A8C9 /* Pods-MovieTests.debug.xcconfig */,
				0D2A9379E7CA0C4B06336B28 /* Pods-MovieTests.release.xcconfig */,
			);
			path = Pods;
			sourceTree = "<group>";
		};
		B8F48345B44967ED46CE0229 /* Frameworks */ = {
			isa = PBXGroup;
			children = (
				F5F3588995C869EF85C8FFB3 /* Pods_Movie.framework */,
				FD9314EFC68F85F3AB547C7C /* Pods_MovieTests.framework */,
			);
			name = Frameworks;
			sourceTree = "<group>";
		};
/* End PBXGroup section */

/* Begin PBXNativeTarget section */
		1F917A42253EE312007FF7E4 /* Movie */ = {
			isa = PBXNativeTarget;
			buildConfigurationList = 1F917A6D253EE313007FF7E4 /* Build configuration list for PBXNativeTarget "Movie" */;
			buildPhases = (
				A45FC9DDFD59DD4D838C8AEA /* [CP] Check Pods Manifest.lock */,
				1F917A3F253EE312007FF7E4 /* Sources */,
				1F917A40253EE312007FF7E4 /* Frameworks */,
				1F917A41253EE312007FF7E4 /* Resources */,
				D086946588B119895C32781F /* [CP] Embed Pods Frameworks */,
			);
			buildRules = (
			);
			dependencies = (
			);
			name = Movie;
			productName = Movie;
			productReference = 1F917A43253EE312007FF7E4 /* Movie.app */;
			productType = "com.apple.product-type.application";
		};
		1F917A58253EE313007FF7E4 /* MovieTests */ = {
			isa = PBXNativeTarget;
			buildConfigurationList = 1F917A70253EE313007FF7E4 /* Build configuration list for PBXNativeTarget "MovieTests" */;
			buildPhases = (
				77478C7A3CD24B801B426598 /* [CP] Check Pods Manifest.lock */,
				1F917A55253EE313007FF7E4 /* Sources */,
				1F917A56253EE313007FF7E4 /* Frameworks */,
				1F917A57253EE313007FF7E4 /* Resources */,
				FCEE30FDD43482F966C3CD43 /* [CP] Embed Pods Frameworks */,
			);
			buildRules = (
			);
			dependencies = (
				1F917A5B253EE313007FF7E4 /* PBXTargetDependency */,
			);
			name = MovieTests;
			productName = MovieTests;
			productReference = 1F917A59253EE313007FF7E4 /* MovieTests.xctest */;
			productType = "com.apple.product-type.bundle.unit-test";
		};
/* End PBXNativeTarget section */

/* Begin PBXProject section */
		1F917A3B253EE312007FF7E4 /* Project object */ = {
			isa = PBXProject;
			attributes = {
				LastSwiftUpdateCheck = 1200;
				LastUpgradeCheck = 1200;
				TargetAttributes = {
					1F917A42253EE312007FF7E4 = {
						CreatedOnToolsVersion = 12.0.1;
					};
					1F917A58253EE313007FF7E4 = {
						CreatedOnToolsVersion = 12.0.1;
						TestTargetID = 1F917A42253EE312007FF7E4;
					};
				};
			};
			buildConfigurationList = 1F917A3E253EE312007FF7E4 /* Build configuration list for PBXProject "Movie" */;
			compatibilityVersion = "Xcode 9.3";
			developmentRegion = en;
			hasScannedForEncodings = 0;
			knownRegions = (
				en,
				Base,
			);
			mainGroup = 1F917A3A253EE312007FF7E4;
			productRefGroup = 1F917A44253EE312007FF7E4 /* Products */;
			projectDirPath = "";
			projectRoot = "";
			targets = (
				1F917A42253EE312007FF7E4 /* Movie */,
				1F917A58253EE313007FF7E4 /* MovieTests */,
			);
		};
/* End PBXProject section */

/* Begin PBXResourcesBuildPhase section */
		1F917A41253EE312007FF7E4 /* Resources */ = {
			isa = PBXResourcesBuildPhase;
			buildActionMask = 2147483647;
			files = (
				1F1C6206253F407F0085DFD7 /* NowPlayingViewController.xib in Resources */,
				1F917A50253EE313007FF7E4 /* Assets.xcassets in Resources */,
				1F1C6242253FDC7C0085DFD7 /* ComingSoonViewController.xib in Resources */,
				1F1C61BF253F2CAB0085DFD7 /* HomeViewController.xib in Resources */,
				1F1C61FE253F3FE60085DFD7 /* NowPlayingViewCell.xib in Resources */,
			);
			runOnlyForDeploymentPostprocessing = 0;
		};
		1F917A57253EE313007FF7E4 /* Resources */ = {
			isa = PBXResourcesBuildPhase;
			buildActionMask = 2147483647;
			files = (
			);
			runOnlyForDeploymentPostprocessing = 0;
		};
/* End PBXResourcesBuildPhase section */

/* Begin PBXShellScriptBuildPhase section */
		77478C7A3CD24B801B426598 /* [CP] Check Pods Manifest.lock */ = {
			isa = PBXShellScriptBuildPhase;
			buildActionMask = 2147483647;
			files = (
			);
			inputFileListPaths = (
			);
			inputPaths = (
				"${PODS_PODFILE_DIR_PATH}/Podfile.lock",
				"${PODS_ROOT}/Manifest.lock",
			);
			name = "[CP] Check Pods Manifest.lock";
			outputFileListPaths = (
			);
			outputPaths = (
				"$(DERIVED_FILE_DIR)/Pods-MovieTests-checkManifestLockResult.txt",
			);
			runOnlyForDeploymentPostprocessing = 0;
			shellPath = /bin/sh;
			shellScript = "diff \"${PODS_PODFILE_DIR_PATH}/Podfile.lock\" \"${PODS_ROOT}/Manifest.lock\" > /dev/null\nif [ $? != 0 ] ; then\n    # print error to STDERR\n    echo \"error: The sandbox is not in sync with the Podfile.lock. Run 'pod install' or update your CocoaPods installation.\" >&2\n    exit 1\nfi\n# This output is used by Xcode 'outputs' to avoid re-running this script phase.\necho \"SUCCESS\" > \"${SCRIPT_OUTPUT_FILE_0}\"\n";
			showEnvVarsInLog = 0;
		};
		A45FC9DDFD59DD4D838C8AEA /* [CP] Check Pods Manifest.lock */ = {
			isa = PBXShellScriptBuildPhase;
			buildActionMask = 2147483647;
			files = (
			);
			inputFileListPaths = (
			);
			inputPaths = (
				"${PODS_PODFILE_DIR_PATH}/Podfile.lock",
				"${PODS_ROOT}/Manifest.lock",
			);
			name = "[CP] Check Pods Manifest.lock";
			outputFileListPaths = (
			);
			outputPaths = (
				"$(DERIVED_FILE_DIR)/Pods-Movie-checkManifestLockResult.txt",
			);
			runOnlyForDeploymentPostprocessing = 0;
			shellPath = /bin/sh;
			shellScript = "diff \"${PODS_PODFILE_DIR_PATH}/Podfile.lock\" \"${PODS_ROOT}/Manifest.lock\" > /dev/null\nif [ $? != 0 ] ; then\n    # print error to STDERR\n    echo \"error: The sandbox is not in sync with the Podfile.lock. Run 'pod install' or update your CocoaPods installation.\" >&2\n    exit 1\nfi\n# This output is used by Xcode 'outputs' to avoid re-running this script phase.\necho \"SUCCESS\" > \"${SCRIPT_OUTPUT_FILE_0}\"\n";
			showEnvVarsInLog = 0;
		};
		D086946588B119895C32781F /* [CP] Embed Pods Frameworks */ = {
			isa = PBXShellScriptBuildPhase;
			buildActionMask = 2147483647;
			files = (
			);
			inputFileListPaths = (
				"${PODS_ROOT}/Target Support Files/Pods-Movie/Pods-Movie-frameworks-${CONFIGURATION}-input-files.xcfilelist",
			);
			name = "[CP] Embed Pods Frameworks";
			outputFileListPaths = (
				"${PODS_ROOT}/Target Support Files/Pods-Movie/Pods-Movie-frameworks-${CONFIGURATION}-output-files.xcfilelist",
			);
			runOnlyForDeploymentPostprocessing = 0;
			shellPath = /bin/sh;
			shellScript = "\"${PODS_ROOT}/Target Support Files/Pods-Movie/Pods-Movie-frameworks.sh\"\n";
			showEnvVarsInLog = 0;
		};
		FCEE30FDD43482F966C3CD43 /* [CP] Embed Pods Frameworks */ = {
			isa = PBXShellScriptBuildPhase;
			buildActionMask = 2147483647;
			files = (
			);
			inputFileListPaths = (
				"${PODS_ROOT}/Target Support Files/Pods-MovieTests/Pods-MovieTests-frameworks-${CONFIGURATION}-input-files.xcfilelist",
			);
			name = "[CP] Embed Pods Frameworks";
			outputFileListPaths = (
				"${PODS_ROOT}/Target Support Files/Pods-MovieTests/Pods-MovieTests-frameworks-${CONFIGURATION}-output-files.xcfilelist",
			);
			runOnlyForDeploymentPostprocessing = 0;
			shellPath = /bin/sh;
			shellScript = "\"${PODS_ROOT}/Target Support Files/Pods-MovieTests/Pods-MovieTests-frameworks.sh\"\n";
			showEnvVarsInLog = 0;
		};
/* End PBXShellScriptBuildPhase section */

/* Begin PBXSourcesBuildPhase section */
		1F917A3F253EE312007FF7E4 /* Sources */ = {
			isa = PBXSourcesBuildPhase;
			buildActionMask = 2147483647;
			files = (
				1F1C6210253F42330085DFD7 /* NowPlayingInteractor.swift in Sources */,
				1F917A47253EE312007FF7E4 /* AppDelegate.swift in Sources */,
				1F1C6248253FDD2E0085DFD7 /* ComingSoonConfigurator.swift in Sources */,
				1F1C6237253FDB440085DFD7 /* NowPlayingConfigurator.swift in Sources */,
				1F917A49253EE312007FF7E4 /* SceneDelegate.swift in Sources */,
				1F1C61E1253F34EE0085DFD7 /* Network.swift in Sources */,
				1F1C622D253F45780085DFD7 /* NowPlayingPresenter.swift in Sources */,
				1F1C6241253FDC7C0085DFD7 /* ComingSoonViewController.swift in Sources */,
				1F1C61BE253F2CAB0085DFD7 /* HomeViewController.swift in Sources */,
				1F1C6205253F407F0085DFD7 /* NowPlayingViewController.swift in Sources */,
				1F1C6233253FDA780085DFD7 /* UIViewController+Utility.swift in Sources */,
				1F1C61FD253F3FE60085DFD7 /* NowPlayingViewCell.swift in Sources */,
				1F1C61ED253F39500085DFD7 /* Injector.swift in Sources */,
				1F1C61CD253F32E10085DFD7 /* PrimitiveSequence+Type.swift in Sources */,
				1F1C620B253F40D50085DFD7 /* NowPlaying.swift in Sources */,
				1F1C6217253F43150085DFD7 /* NowPlayingWorker.swift in Sources */,
				1F1C61D3253F332C0085DFD7 /* String+Key.swift in Sources */,
				1F1C61D7253F33860085DFD7 /* URL+Path.swift in Sources */,
				1F1C61C9253F313B0085DFD7 /* UIImageView+Utility.swift in Sources */,
				1F1C61F2253F3A950085DFD7 /* HomeConfigurator.swift in Sources */,
			);
			runOnlyForDeploymentPostprocessing = 0;
		};
		1F917A55253EE313007FF7E4 /* Sources */ = {
			isa = PBXSourcesBuildPhase;
			buildActionMask = 2147483647;
			files = (
			);
			runOnlyForDeploymentPostprocessing = 0;
		};
/* End PBXSourcesBuildPhase section */

/* Begin PBXTargetDependency section */
		1F917A5B253EE313007FF7E4 /* PBXTargetDependency */ = {
			isa = PBXTargetDependency;
			target = 1F917A42253EE312007FF7E4 /* Movie */;
			targetProxy = 1F917A5A253EE313007FF7E4 /* PBXContainerItemProxy */;
		};
/* End PBXTargetDependency section */

/* Begin XCBuildConfiguration section */
		1F917A6B253EE313007FF7E4 /* Debug */ = {
			isa = XCBuildConfiguration;
			buildSettings = {
				ALWAYS_SEARCH_USER_PATHS = NO;
				CLANG_ANALYZER_NONNULL = YES;
				CLANG_ANALYZER_NUMBER_OBJECT_CONVERSION = YES_AGGRESSIVE;
				CLANG_CXX_LANGUAGE_STANDARD = "gnu++14";
				CLANG_CXX_LIBRARY = "libc++";
				CLANG_ENABLE_MODULES = YES;
				CLANG_ENABLE_OBJC_ARC = YES;
				CLANG_ENABLE_OBJC_WEAK = YES;
				CLANG_WARN_BLOCK_CAPTURE_AUTORELEASING = YES;
				CLANG_WARN_BOOL_CONVERSION = YES;
				CLANG_WARN_COMMA = YES;
				CLANG_WARN_CONSTANT_CONVERSION = YES;
				CLANG_WARN_DEPRECATED_OBJC_IMPLEMENTATIONS = YES;
				CLANG_WARN_DIRECT_OBJC_ISA_USAGE = YES_ERROR;
				CLANG_WARN_DOCUMENTATION_COMMENTS = YES;
				CLANG_WARN_EMPTY_BODY = YES;
				CLANG_WARN_ENUM_CONVERSION = YES;
				CLANG_WARN_INFINITE_RECURSION = YES;
				CLANG_WARN_INT_CONVERSION = YES;
				CLANG_WARN_NON_LITERAL_NULL_CONVERSION = YES;
				CLANG_WARN_OBJC_IMPLICIT_RETAIN_SELF = YES;
				CLANG_WARN_OBJC_LITERAL_CONVERSION = YES;
				CLANG_WARN_OBJC_ROOT_CLASS = YES_ERROR;
				CLANG_WARN_QUOTED_INCLUDE_IN_FRAMEWORK_HEADER = YES;
				CLANG_WARN_RANGE_LOOP_ANALYSIS = YES;
				CLANG_WARN_STRICT_PROTOTYPES = YES;
				CLANG_WARN_SUSPICIOUS_MOVE = YES;
				CLANG_WARN_UNGUARDED_AVAILABILITY = YES_AGGRESSIVE;
				CLANG_WARN_UNREACHABLE_CODE = YES;
				CLANG_WARN__DUPLICATE_METHOD_MATCH = YES;
				COPY_PHASE_STRIP = NO;
				DEBUG_INFORMATION_FORMAT = dwarf;
				ENABLE_STRICT_OBJC_MSGSEND = YES;
				ENABLE_TESTABILITY = YES;
				GCC_C_LANGUAGE_STANDARD = gnu11;
				GCC_DYNAMIC_NO_PIC = NO;
				GCC_NO_COMMON_BLOCKS = YES;
				GCC_OPTIMIZATION_LEVEL = 0;
				GCC_PREPROCESSOR_DEFINITIONS = (
					"DEBUG=1",
					"$(inherited)",
				);
				GCC_WARN_64_TO_32_BIT_CONVERSION = YES;
				GCC_WARN_ABOUT_RETURN_TYPE = YES_ERROR;
				GCC_WARN_UNDECLARED_SELECTOR = YES;
				GCC_WARN_UNINITIALIZED_AUTOS = YES_AGGRESSIVE;
				GCC_WARN_UNUSED_FUNCTION = YES;
				GCC_WARN_UNUSED_VARIABLE = YES;
				IPHONEOS_DEPLOYMENT_TARGET = 13.0;
				MTL_ENABLE_DEBUG_INFO = INCLUDE_SOURCE;
				MTL_FAST_MATH = YES;
				ONLY_ACTIVE_ARCH = YES;
				SDKROOT = iphoneos;
				SWIFT_ACTIVE_COMPILATION_CONDITIONS = DEBUG;
				SWIFT_OPTIMIZATION_LEVEL = "-Onone";
				SWIFT_VERSION = 5.0;
			};
			name = Debug;
		};
		1F917A6C253EE313007FF7E4 /* Release */ = {
			isa = XCBuildConfiguration;
			buildSettings = {
				ALWAYS_SEARCH_USER_PATHS = NO;
				CLANG_ANALYZER_NONNULL = YES;
				CLANG_ANALYZER_NUMBER_OBJECT_CONVERSION = YES_AGGRESSIVE;
				CLANG_CXX_LANGUAGE_STANDARD = "gnu++14";
				CLANG_CXX_LIBRARY = "libc++";
				CLANG_ENABLE_MODULES = YES;
				CLANG_ENABLE_OBJC_ARC = YES;
				CLANG_ENABLE_OBJC_WEAK = YES;
				CLANG_WARN_BLOCK_CAPTURE_AUTORELEASING = YES;
				CLANG_WARN_BOOL_CONVERSION = YES;
				CLANG_WARN_COMMA = YES;
				CLANG_WARN_CONSTANT_CONVERSION = YES;
				CLANG_WARN_DEPRECATED_OBJC_IMPLEMENTATIONS = YES;
				CLANG_WARN_DIRECT_OBJC_ISA_USAGE = YES_ERROR;
				CLANG_WARN_DOCUMENTATION_COMMENTS = YES;
				CLANG_WARN_EMPTY_BODY = YES;
				CLANG_WARN_ENUM_CONVERSION = YES;
				CLANG_WARN_INFINITE_RECURSION = YES;
				CLANG_WARN_INT_CONVERSION = YES;
				CLANG_WARN_NON_LITERAL_NULL_CONVERSION = YES;
				CLANG_WARN_OBJC_IMPLICIT_RETAIN_SELF = YES;
				CLANG_WARN_OBJC_LITERAL_CONVERSION = YES;
				CLANG_WARN_OBJC_ROOT_CLASS = YES_ERROR;
				CLANG_WARN_QUOTED_INCLUDE_IN_FRAMEWORK_HEADER = YES;
				CLANG_WARN_RANGE_LOOP_ANALYSIS = YES;
				CLANG_WARN_STRICT_PROTOTYPES = YES;
				CLANG_WARN_SUSPICIOUS_MOVE = YES;
				CLANG_WARN_UNGUARDED_AVAILABILITY = YES_AGGRESSIVE;
				CLANG_WARN_UNREACHABLE_CODE = YES;
				CLANG_WARN__DUPLICATE_METHOD_MATCH = YES;
				COPY_PHASE_STRIP = NO;
				DEBUG_INFORMATION_FORMAT = "dwarf-with-dsym";
				ENABLE_NS_ASSERTIONS = NO;
				ENABLE_STRICT_OBJC_MSGSEND = YES;
				GCC_C_LANGUAGE_STANDARD = gnu11;
				GCC_NO_COMMON_BLOCKS = YES;
				GCC_WARN_64_TO_32_BIT_CONVERSION = YES;
				GCC_WARN_ABOUT_RETURN_TYPE = YES_ERROR;
				GCC_WARN_UNDECLARED_SELECTOR = YES;
				GCC_WARN_UNINITIALIZED_AUTOS = YES_AGGRESSIVE;
				GCC_WARN_UNUSED_FUNCTION = YES;
				GCC_WARN_UNUSED_VARIABLE = YES;
				IPHONEOS_DEPLOYMENT_TARGET = 13.0;
				MTL_ENABLE_DEBUG_INFO = NO;
				MTL_FAST_MATH = YES;
				SDKROOT = iphoneos;
				SWIFT_COMPILATION_MODE = wholemodule;
				SWIFT_OPTIMIZATION_LEVEL = "-O";
				SWIFT_VERSION = 5.0;
				VALIDATE_PRODUCT = YES;
			};
			name = Release;
		};
		1F917A6E253EE313007FF7E4 /* Debug */ = {
			isa = XCBuildConfiguration;
			baseConfigurationReference = 632D8E02499B040F222AC10C /* Pods-Movie.debug.xcconfig */;
			buildSettings = {
				ASSETCATALOG_COMPILER_APPICON_NAME = AppIcon;
				ASSETCATALOG_COMPILER_GLOBAL_ACCENT_COLOR_NAME = AccentColor;
				CODE_SIGN_STYLE = Manual;
				DEVELOPMENT_TEAM = "";
				INFOPLIST_FILE = Movie/Info.plist;
				LD_RUNPATH_SEARCH_PATHS = (
					"$(inherited)",
					"@executable_path/Frameworks",
				);
				MARKETING_VERSION = 1.0.0;
				PRODUCT_BUNDLE_IDENTIFIER = id.swift.movie;
				PRODUCT_NAME = "$(TARGET_NAME)";
				PROVISIONING_PROFILE_SPECIFIER = "";
				SWIFT_VERSION = 5.0;
				TARGETED_DEVICE_FAMILY = 1;
			};
			name = Debug;
		};
		1F917A6F253EE313007FF7E4 /* Release */ = {
			isa = XCBuildConfiguration;
			baseConfigurationReference = BDE17F1DF7DDB25F6A3AF88E /* Pods-Movie.release.xcconfig */;
			buildSettings = {
				ASSETCATALOG_COMPILER_APPICON_NAME = AppIcon;
				ASSETCATALOG_COMPILER_GLOBAL_ACCENT_COLOR_NAME = AccentColor;
				CODE_SIGN_STYLE = Manual;
				DEVELOPMENT_TEAM = "";
				INFOPLIST_FILE = Movie/Info.plist;
				LD_RUNPATH_SEARCH_PATHS = (
					"$(inherited)",
					"@executable_path/Frameworks",
				);
				MARKETING_VERSION = 1.0.0;
				PRODUCT_BUNDLE_IDENTIFIER = id.swift.movie;
				PRODUCT_NAME = "$(TARGET_NAME)";
				PROVISIONING_PROFILE_SPECIFIER = "";
				SWIFT_VERSION = 5.0;
				TARGETED_DEVICE_FAMILY = 1;
			};
			name = Release;
		};
		1F917A71253EE313007FF7E4 /* Debug */ = {
			isa = XCBuildConfiguration;
			baseConfigurationReference = 2B344B2C977F5AA5A9F5A8C9 /* Pods-MovieTests.debug.xcconfig */;
			buildSettings = {
				BUNDLE_LOADER = "$(TEST_HOST)";
				CODE_SIGN_IDENTITY = "Apple Development";
				"CODE_SIGN_IDENTITY[sdk=macosx*]" = "-";
				CODE_SIGN_STYLE = Manual;
				DEVELOPMENT_TEAM = "";
				INFOPLIST_FILE = MovieTests/Info.plist;
				IPHONEOS_DEPLOYMENT_TARGET = 13.0;
				LD_RUNPATH_SEARCH_PATHS = (
					"$(inherited)",
					"@executable_path/Frameworks",
					"@loader_path/Frameworks",
				);
				PRODUCT_BUNDLE_IDENTIFIER = id.swift.movie.MovieTests;
				PRODUCT_NAME = "$(TARGET_NAME)";
				PROVISIONING_PROFILE_SPECIFIER = "";
				"PROVISIONING_PROFILE_SPECIFIER[sdk=macosx*]" = "";
				SWIFT_VERSION = 5.0;
				TARGETED_DEVICE_FAMILY = "1,2";
				TEST_HOST = "$(BUILT_PRODUCTS_DIR)/Movie.app/Movie";
			};
			name = Debug;
		};
		1F917A72253EE313007FF7E4 /* Release */ = {
			isa = XCBuildConfiguration;
			baseConfigurationReference = 0D2A9379E7CA0C4B06336B28 /* Pods-MovieTests.release.xcconfig */;
			buildSettings = {
				BUNDLE_LOADER = "$(TEST_HOST)";
				CODE_SIGN_IDENTITY = "Apple Development";
				"CODE_SIGN_IDENTITY[sdk=macosx*]" = "-";
				CODE_SIGN_STYLE = Manual;
				DEVELOPMENT_TEAM = "";
				INFOPLIST_FILE = MovieTests/Info.plist;
				IPHONEOS_DEPLOYMENT_TARGET = 13.0;
				LD_RUNPATH_SEARCH_PATHS = (
					"$(inherited)",
					"@executable_path/Frameworks",
					"@loader_path/Frameworks",
				);
				PRODUCT_BUNDLE_IDENTIFIER = id.swift.movie.MovieTests;
				PRODUCT_NAME = "$(TARGET_NAME)";
				PROVISIONING_PROFILE_SPECIFIER = "";
				"PROVISIONING_PROFILE_SPECIFIER[sdk=macosx*]" = "";
				SWIFT_VERSION = 5.0;
				TARGETED_DEVICE_FAMILY = "1,2";
				TEST_HOST = "$(BUILT_PRODUCTS_DIR)/Movie.app/Movie";
			};
			name = Release;
		};
/* End XCBuildConfiguration section */

/* Begin XCConfigurationList section */
		1F917A3E253EE312007FF7E4 /* Build configuration list for PBXProject "Movie" */ = {
			isa = XCConfigurationList;
			buildConfigurations = (
				1F917A6B253EE313007FF7E4 /* Debug */,
				1F917A6C253EE313007FF7E4 /* Release */,
			);
			defaultConfigurationIsVisible = 0;
			defaultConfigurationName = Release;
		};
		1F917A6D253EE313007FF7E4 /* Build configuration list for PBXNativeTarget "Movie" */ = {
			isa = XCConfigurationList;
			buildConfigurations = (
				1F917A6E253EE313007FF7E4 /* Debug */,
				1F917A6F253EE313007FF7E4 /* Release */,
			);
			defaultConfigurationIsVisible = 0;
			defaultConfigurationName = Release;
		};
		1F917A70253EE313007FF7E4 /* Build configuration list for PBXNativeTarget "MovieTests" */ = {
			isa = XCConfigurationList;
			buildConfigurations = (
				1F917A71253EE313007FF7E4 /* Debug */,
				1F917A72253EE313007FF7E4 /* Release */,
			);
			defaultConfigurationIsVisible = 0;
			defaultConfigurationName = Release;
		};
/* End XCConfigurationList section */
	};
	rootObject = 1F917A3B253EE312007FF7E4 /* Project object */;
}
